
Microsoft Visual Studio Solution File, Format Version 12.00
# Visual Studio Version 16
VisualStudioVersion = 16.0.29609.76
MinimumVisualStudioVersion = 10.0.40219.1
Project("{FAE04EC0-301F-11D3-BF4B-00C04F79EFBC}") = "CariHesapOtomasyon", "CariHesapOtomasyon\CariHesapOtomasyon.csproj", "{8E959CE5-7882-4D50-A9CE-6E1FE6CFB41B}"
EndProject
Global
	GlobalSection(SolutionConfigurationPlatforms) = preSolution
		Debug|Any CPU = Debug|Any CPU
		Release|Any CPU = Release|Any CPU
	EndGlobalSection
	GlobalSection(ProjectConfigurationPlatforms) = postSolution
		{8E959CE5-7882-4D50-A9CE-6E1FE6CFB41B}.Debug|Any CPU.ActiveCfg = Debug|Any CPU
		{8E959CE5-7882-4D50-A9CE-6E1FE6CFB41B}.Debug|Any CPU.Build.0 = Debug|Any CPU
		{8E959CE5-7882-4D50-A9CE-6E1FE6CFB41B}.Release|Any CPU.ActiveCfg = Release|Any CPU
		{8E959CE5-7882-4D50-A9CE-6E1FE6CFB41B}.Release|Any CPU.Build.0 = Release|Any CPU
	EndGlobalSection
	GlobalSection(SolutionProperties) = preSolution
		HideSolutionNode = FALSE
	EndGlobalSection
	GlobalSection(ExtensibilityGlobals) = postSolution
		SolutionGuid = {454007B8-4F21-4C97-B555-8F8CEEA23B62}
	EndGlobalSection
EndGlobal
